
Microsoft Visual Studio Solution File, Format Version 12.00
# Visual Studio Version 16
VisualStudioVersion = 16.0.33130.400
MinimumVisualStudioVersion = 10.0.40219.1
Project("{FAE04EC0-301F-11D3-BF4B-00C04F79EFBC}") = "WindowsFormsApp1", "WindowsFormsApp1\WindowsFormsApp1.csproj", "{5C142D90-CDAE-452F-A6AA-E6CD548D677F}"
EndProject
Global
	GlobalSection(SolutionConfigurationPlatforms) = preSolution
		Debug|Any CPU = Debug|Any CPU
		Release|Any CPU = Release|Any CPU
	EndGlobalSection
	GlobalSection(ProjectConfigurationPlatforms) = postSolution
		{5C142D90-CDAE-452F-A6AA-E6CD548D677F}.Debug|Any CPU.ActiveCfg = Debug|Any CPU
		{5C142D90-CDAE-452F-A6AA-E6CD548D677F}.Debug|Any CPU.Build.0 = Debug|Any CPU
		{5C142D90-CDAE-452F-A6AA-E6CD548D677F}.Release|Any CPU.ActiveCfg = Release|Any CPU
		{5C142D90-CDAE-452F-A6AA-E6CD548D677F}.Release|Any CPU.Build.0 = Release|Any CPU
	EndGlobalSection
	GlobalSection(SolutionProperties) = preSolution
		HideSolutionNode = FALSE
	EndGlobalSection
	GlobalSection(ExtensibilityGlobals) = postSolution
		SolutionGuid = {AECD8DDF-D480-484B-A9E5-36DA09CAEB8A}
	EndGlobalSection
EndGlobal
